# This file is automatically @generated by Poetry 2.1.2 and should not be changed by hand.

[[package]]
name = "approvaltests"
version = "0.2.10"
description = "Assertion/verification library to aid testing"
optional = false
python-versions = "*"
groups = ["dev"]
files = [
    {file = "approvaltests-0.2.10-py3-none-any.whl", hash = "sha256:3f912c4d71c75e658e65bcac0a8397bcde6abac97f984a7ab69362375d7ff940"},
    {file = "approvaltests-0.2.10.tar.gz", hash = "sha256:691652e9df626314a967ed73c29ee7f7808f5abc441f5fb0a1eb9f688381c74c"},
]

[package.dependencies]
pyperclip = "1.5.27"
pytest = "*"

[[package]]
name = "atomicwrites"
version = "1.4.1"
description = "Atomic file writes."
optional = false
python-versions = ">=2.7, !=3.0.*, !=3.1.*, !=3.2.*, !=3.3.*"
groups = ["dev"]
markers = "sys_platform == \"win32\""
files = [
    {file = "atomicwrites-1.4.1.tar.gz", hash = "sha256:81b2c9071a49367a7f770170e5eec8cb66567cfbbc8c73d20ce5ca4a8d71cf11"},
]

[[package]]
name = "attrs"
version = "25.3.0"
description = "Classes Without Boilerplate"
optional = false
python-versions = ">=3.8"
groups = ["dev"]
files = [
    {file = "attrs-25.3.0-py3-none-any.whl", hash = "sha256:427318ce031701fea540783410126f03899a97ffc6f61596ad581ac2e40e3bc3"},
    {file = "attrs-25.3.0.tar.gz", hash = "sha256:75d7cefc7fb576747b2c81b4442d4d4a1ce0900973527c011d1030fd3bf4af1b"},
]

[package.extras]
benchmark = ["cloudpickle ; platform_python_implementation == \"CPython\"", "hypothesis", "mypy (>=1.11.1) ; platform_python_implementation == \"CPython\" and python_version >= \"3.10\"", "pympler", "pytest (>=4.3.0)", "pytest-codspeed", "pytest-mypy-plugins ; platform_python_implementation == \"CPython\" and python_version >= \"3.10\"", "pytest-xdist[psutil]"]
cov = ["cloudpickle ; platform_python_implementation == \"CPython\"", "coverage[toml] (>=5.3)", "hypothesis", "mypy (>=1.11.1) ; platform_python_implementation == \"CPython\" and python_version >= \"3.10\"", "pympler", "pytest (>=4.3.0)", "pytest-mypy-plugins ; platform_python_implementation == \"CPython\" and python_version >= \"3.10\"", "pytest-xdist[psutil]"]
dev = ["cloudpickle ; platform_python_implementation == \"CPython\"", "hypothesis", "mypy (>=1.11.1) ; platform_python_implementation == \"CPython\" and python_version >= \"3.10\"", "pre-commit-uv", "pympler", "pytest (>=4.3.0)", "pytest-mypy-plugins ; platform_python_implementation == \"CPython\" and python_version >= \"3.10\"", "pytest-xdist[psutil]"]
docs = ["cogapp", "furo", "myst-parser", "sphinx", "sphinx-notfound-page", "sphinxcontrib-towncrier", "towncrier"]
tests = ["cloudpickle ; platform_python_implementation == \"CPython\"", "hypothesis", "mypy (>=1.11.1) ; platform_python_implementation == \"CPython\" and python_version >= \"3.10\"", "pympler", "pytest (>=4.3.0)", "pytest-mypy-plugins ; platform_python_implementation == \"CPython\" and python_version >= \"3.10\"", "pytest-xdist[psutil]"]
tests-mypy = ["mypy (>=1.11.1) ; platform_python_implementation == \"CPython\" and python_version >= \"3.10\"", "pytest-mypy-plugins ; platform_python_implementation == \"CPython\" and python_version >= \"3.10\""]

[[package]]
name = "black"
version = "24.3.0"
description = "The uncompromising code formatter."
optional = false
python-versions = ">=3.8"
groups = ["dev"]
files = [
    {file = "black-24.3.0-cp310-cp310-macosx_10_9_x86_64.whl", hash = "sha256:7d5e026f8da0322b5662fa7a8e752b3fa2dac1c1cbc213c3d7ff9bdd0ab12395"},
    {file = "black-24.3.0-cp310-cp310-macosx_11_0_arm64.whl", hash = "sha256:9f50ea1132e2189d8dff0115ab75b65590a3e97de1e143795adb4ce317934995"},
    {file = "black-24.3.0-cp310-cp310-manylinux_2_17_x86_64.manylinux2014_x86_64.whl", hash = "sha256:e2af80566f43c85f5797365077fb64a393861a3730bd110971ab7a0c94e873e7"},
    {file = "black-24.3.0-cp310-cp310-win_amd64.whl", hash = "sha256:4be5bb28e090456adfc1255e03967fb67ca846a03be7aadf6249096100ee32d0"},
    {file = "black-24.3.0-cp311-cp311-macosx_10_9_x86_64.whl", hash = "sha256:4f1373a7808a8f135b774039f61d59e4be7eb56b2513d3d2f02a8b9365b8a8a9"},
    {file = "black-24.3.0-cp311-cp311-macosx_11_0_arm64.whl", hash = "sha256:aadf7a02d947936ee418777e0247ea114f78aff0d0959461057cae8a04f20597"},
    {file = "black-24.3.0-cp311-cp311-manylinux_2_17_x86_64.manylinux2014_x86_64.whl", hash = "sha256:65c02e4ea2ae09d16314d30912a58ada9a5c4fdfedf9512d23326128ac08ac3d"},
    {file = "black-24.3.0-cp311-cp311-win_amd64.whl", hash = "sha256:bf21b7b230718a5f08bd32d5e4f1db7fc8788345c8aea1d155fc17852b3410f5"},
    {file = "black-24.3.0-cp312-cp312-macosx_10_9_x86_64.whl", hash = "sha256:2818cf72dfd5d289e48f37ccfa08b460bf469e67fb7c4abb07edc2e9f16fb63f"},
    {file = "black-24.3.0-cp312-cp312-macosx_11_0_arm64.whl", hash = "sha256:4acf672def7eb1725f41f38bf6bf425c8237248bb0804faa3965c036f7672d11"},
    {file = "black-24.3.0-cp312-cp312-manylinux_2_17_x86_64.manylinux2014_x86_64.whl", hash = "sha256:c7ed6668cbbfcd231fa0dc1b137d3e40c04c7f786e626b405c62bcd5db5857e4"},
    {file = "black-24.3.0-cp312-cp312-win_amd64.whl", hash = "sha256:56f52cfbd3dabe2798d76dbdd299faa046a901041faf2cf33288bc4e6dae57b5"},
    {file = "black-24.3.0-cp38-cp38-macosx_10_9_x86_64.whl", hash = "sha256:79dcf34b33e38ed1b17434693763301d7ccbd1c5860674a8f871bd15139e7837"},
    {file = "black-24.3.0-cp38-cp38-macosx_11_0_arm64.whl", hash = "sha256:e19cb1c6365fd6dc38a6eae2dcb691d7d83935c10215aef8e6c38edee3f77abd"},
    {file = "black-24.3.0-cp38-cp38-manylinux_2_17_x86_64.manylinux2014_x86_64.whl", hash = "sha256:65b76c275e4c1c5ce6e9870911384bff5ca31ab63d19c76811cb1fb162678213"},
    {file = "black-24.3.0-cp38-cp38-win_amd64.whl", hash = "sha256:b5991d523eee14756f3c8d5df5231550ae8993e2286b8014e2fdea7156ed0959"},
    {file = "black-24.3.0-cp39-cp39-macosx_10_9_x86_64.whl", hash = "sha256:c45f8dff244b3c431b36e3224b6be4a127c6aca780853574c00faf99258041eb"},
    {file = "black-24.3.0-cp39-cp39-macosx_11_0_arm64.whl", hash = "sha256:6905238a754ceb7788a73f02b45637d820b2f5478b20fec82ea865e4f5d4d9f7"},
    {file = "black-24.3.0-cp39-cp39-manylinux_2_17_x86_64.manylinux2014_x86_64.whl", hash = "sha256:d7de8d330763c66663661a1ffd432274a2f92f07feeddd89ffd085b5744f85e7"},
    {file = "black-24.3.0-cp39-cp39-win_amd64.whl", hash = "sha256:7bb041dca0d784697af4646d3b62ba4a6b028276ae878e53f6b4f74ddd6db99f"},
    {file = "black-24.3.0-py3-none-any.whl", hash = "sha256:41622020d7120e01d377f74249e677039d20e6344ff5851de8a10f11f513bf93"},
    {file = "black-24.3.0.tar.gz", hash = "sha256:a0c9c4a0771afc6919578cec71ce82a3e31e054904e7197deacbc9382671c41f"},
]

[package.dependencies]
click = ">=8.0.0"
mypy-extensions = ">=0.4.3"
packaging = ">=22.0"
pathspec = ">=0.9.0"
platformdirs = ">=2"

[package.extras]
colorama = ["colorama (>=0.4.3)"]
d = ["aiohttp (>=3.7.4) ; sys_platform != \"win32\" or implementation_name != \"pypy\"", "aiohttp (>=3.7.4,!=3.9.0) ; sys_platform == \"win32\" and implementation_name == \"pypy\""]
jupyter = ["ipython (>=7.8.0)", "tokenize-rt (>=3.2.0)"]
uvloop = ["uvloop (>=0.15.2)"]

[[package]]
name = "click"
version = "8.1.8"
description = "Composable command line interface toolkit"
optional = false
python-versions = ">=3.7"
groups = ["dev"]
files = [
    {file = "click-8.1.8-py3-none-any.whl", hash = "sha256:63c132bbbed01578a06712a2d1f497bb62d9c1c0d329b7903a866228027263b2"},
    {file = "click-8.1.8.tar.gz", hash = "sha256:ed53c9d8990d83c2a27deae68e4ee337473f6330c040a31d4225c9574d16096a"},
]

[package.dependencies]
colorama = {version = "*", markers = "platform_system == \"Windows\""}

[[package]]
name = "colorama"
version = "0.4.6"
description = "Cross-platform colored terminal text."
optional = false
python-versions = "!=3.0.*,!=3.1.*,!=3.2.*,!=3.3.*,!=3.4.*,!=3.5.*,!=3.6.*,>=2.7"
groups = ["dev"]
markers = "sys_platform == \"win32\" or platform_system == \"Windows\""
files = [
    {file = "colorama-0.4.6-py2.py3-none-any.whl", hash = "sha256:4f1d9991f5acc0ca119f9d443620b77f9d6b33703e51011c16baf57afb285fc6"},
    {file = "colorama-0.4.6.tar.gz", hash = "sha256:08695f5cb7ed6e0531a20572697297273c47b8cae5a63ffc6d6ed5c201be6e44"},
]

[[package]]
name = "coverage"
version = "7.8.0"
description = "Code coverage measurement for Python"
optional = false
python-versions = ">=3.9"
groups = ["dev"]
files = [
    {file = "coverage-7.8.0-cp310-cp310-macosx_10_9_x86_64.whl", hash = "sha256:2931f66991175369859b5fd58529cd4b73582461877ecfd859b6549869287ffe"},
    {file = "coverage-7.8.0-cp310-cp310-macosx_11_0_arm64.whl", hash = "sha256:52a523153c568d2c0ef8826f6cc23031dc86cffb8c6aeab92c4ff776e7951b28"},
    {file = "coverage-7.8.0-cp310-cp310-manylinux_2_17_aarch64.manylinux2014_aarch64.whl", hash = "sha256:5c8a5c139aae4c35cbd7cadca1df02ea8cf28a911534fc1b0456acb0b14234f3"},
    {file = "coverage-7.8.0-cp310-cp310-manylinux_2_5_i686.manylinux1_i686.manylinux_2_17_i686.manylinux2014_i686.whl", hash = "sha256:5a26c0c795c3e0b63ec7da6efded5f0bc856d7c0b24b2ac84b4d1d7bc578d676"},
    {file = "coverage-7.8.0-cp310-cp310-manylinux_2_5_x86_64.manylinux1_x86_64.manylinux_2_17_x86_64.manylinux2014_x86_64.whl", hash = "sha256:821f7bcbaa84318287115d54becb1915eece6918136c6f91045bb84e2f88739d"},
    {file = "coverage-7.8.0-cp310-cp310-musllinux_1_2_aarch64.whl", hash = "sha256:a321c61477ff8ee705b8a5fed370b5710c56b3a52d17b983d9215861e37b642a"},
    {file = "coverage-7.8.0-cp310-cp310-musllinux_1_2_i686.whl", hash = "sha256:ed2144b8a78f9d94d9515963ed273d620e07846acd5d4b0a642d4849e8d91a0c"},
    {file = "coverage-7.8.0-cp310-cp310-musllinux_1_2_x86_64.whl", hash = "sha256:042e7841a26498fff7a37d6fda770d17519982f5b7d8bf5278d140b67b61095f"},
    {file = "coverage-7.8.0-cp310-cp310-win32.whl", hash = "sha256:f9983d01d7705b2d1f7a95e10bbe4091fabc03a46881a256c2787637b087003f"},
    {file = "coverage-7.8.0-cp310-cp310-win_amd64.whl", hash = "sha256:5a570cd9bd20b85d1a0d7b009aaf6c110b52b5755c17be6962f8ccd65d1dbd23"},
    {file = "coverage-7.8.0-cp311-cp311-macosx_10_9_x86_64.whl", hash = "sha256:e7ac22a0bb2c7c49f441f7a6d46c9c80d96e56f5a8bc6972529ed43c8b694e27"},
    {file = "coverage-7.8.0-cp311-cp311-macosx_11_0_arm64.whl", hash = "sha256:bf13d564d310c156d1c8e53877baf2993fb3073b2fc9f69790ca6a732eb4bfea"},
    {file = "coverage-7.8.0-cp311-cp311-manylinux_2_17_aarch64.manylinux2014_aarch64.whl", hash = "sha256:a5761c70c017c1b0d21b0815a920ffb94a670c8d5d409d9b38857874c21f70d7"},
    {file = "coverage-7.8.0-cp311-cp311-manylinux_2_5_i686.manylinux1_i686.manylinux_2_17_i686.manylinux2014_i686.whl", hash = "sha256:e5ff52d790c7e1628241ffbcaeb33e07d14b007b6eb00a19320c7b8a7024c040"},
    {file = "coverage-7.8.0-cp311-cp311-manylinux_2_5_x86_64.manylinux1_x86_64.manylinux_2_17_x86_64.manylinux2014_x86_64.whl", hash = "sha256:d39fc4817fd67b3915256af5dda75fd4ee10621a3d484524487e33416c6f3543"},
    {file = "coverage-7.8.0-cp311-cp311-musllinux_1_2_aarch64.whl", hash = "sha256:b44674870709017e4b4036e3d0d6c17f06a0e6d4436422e0ad29b882c40697d2"},
    {file = "coverage-7.8.0-cp311-cp311-musllinux_1_2_i686.whl", hash = "sha256:8f99eb72bf27cbb167b636eb1726f590c00e1ad375002230607a844d9e9a2318"},
    {file = "coverage-7.8.0-cp311-cp311-musllinux_1_2_x86_64.whl", hash = "sha256:b571bf5341ba8c6bc02e0baeaf3b061ab993bf372d982ae509807e7f112554e9"},
    {file = "coverage-7.8.0-cp311-cp311-win32.whl", hash = "sha256:e75a2ad7b647fd8046d58c3132d7eaf31b12d8a53c0e4b21fa9c4d23d6ee6d3c"},
    {file = "coverage-7.8.0-cp311-cp311-win_amd64.whl", hash = "sha256:3043ba1c88b2139126fc72cb48574b90e2e0546d4c78b5299317f61b7f718b78"},
    {file = "coverage-7.8.0-cp312-cp312-macosx_10_13_x86_64.whl", hash = "sha256:bbb5cc845a0292e0c520656d19d7ce40e18d0e19b22cb3e0409135a575bf79fc"},
    {file = "coverage-7.8.0-cp312-cp312-macosx_11_0_arm64.whl", hash = "sha256:4dfd9a93db9e78666d178d4f08a5408aa3f2474ad4d0e0378ed5f2ef71640cb6"},
    {file = "coverage-7.8.0-cp312-cp312-manylinux_2_17_aarch64.manylinux2014_aarch64.whl", hash = "sha256:f017a61399f13aa6d1039f75cd467be388d157cd81f1a119b9d9a68ba6f2830d"},
    {file = "coverage-7.8.0-cp312-cp312-manylinux_2_5_i686.manylinux1_i686.manylinux_2_17_i686.manylinux2014_i686.whl", hash = "sha256:0915742f4c82208ebf47a2b154a5334155ed9ef9fe6190674b8a46c2fb89cb05"},
    {file = "coverage-7.8.0-cp312-cp312-manylinux_2_5_x86_64.manylinux1_x86_64.manylinux_2_17_x86_64.manylinux2014_x86_64.whl", hash = "sha256:8a40fcf208e021eb14b0fac6bdb045c0e0cab53105f93ba0d03fd934c956143a"},
    {file = "coverage-7.8.0-cp312-cp312-musllinux_1_2_aarch64.whl", hash = "sha256:a1f406a8e0995d654b2ad87c62caf6befa767885301f3b8f6f73e6f3c31ec3a6"},
    {file = "coverage-7.8.0-cp312-cp312-musllinux_1_2_i686.whl", hash = "sha256:77af0f6447a582fdc7de5e06fa3757a3ef87769fbb0fdbdeba78c23049140a47"},
    {file = "coverage-7.8.0-cp312-cp312-musllinux_1_2_x86_64.whl", hash = "sha256:f2d32f95922927186c6dbc8bc60df0d186b6edb828d299ab10898ef3f40052fe"},
    {file = "coverage-7.8.0-cp312-cp312-win32.whl", hash = "sha256:769773614e676f9d8e8a0980dd7740f09a6ea386d0f383db6821df07d0f08545"},
    {file = "coverage-7.8.0-cp312-cp312-win_amd64.whl", hash = "sha256:e5d2b9be5b0693cf21eb4ce0ec8d211efb43966f6657807f6859aab3814f946b"},
    {file = "coverage-7.8.0-cp313-cp313-macosx_10_13_x86_64.whl", hash = "sha256:5ac46d0c2dd5820ce93943a501ac5f6548ea81594777ca585bf002aa8854cacd"},
    {file = "coverage-7.8.0-cp313-cp313-macosx_11_0_arm64.whl", hash = "sha256:771eb7587a0563ca5bb6f622b9ed7f9d07bd08900f7589b4febff05f469bea00"},
    {file = "coverage-7.8.0-cp313-cp313-manylinux_2_17_aarch64.manylinux2014_aarch64.whl", hash = "sha256:42421e04069fb2cbcbca5a696c4050b84a43b05392679d4068acbe65449b5c64"},
    {file = "coverage-7.8.0-cp313-cp313-manylinux_2_5_i686.manylinux1_i686.manylinux_2_17_i686.manylinux2014_i686.whl", hash = "sha256:554fec1199d93ab30adaa751db68acec2b41c5602ac944bb19187cb9a41a8067"},
    {file = "coverage-7.8.0-cp313-cp313-manylinux_2_5_x86_64.manylinux1_x86_64.manylinux_2_17_x86_64.manylinux2014_x86_64.whl", hash = "sha256:5aaeb00761f985007b38cf463b1d160a14a22c34eb3f6a39d9ad6fc27cb73008"},
    {file = "coverage-7.8.0-cp313-cp313-musllinux_1_2_aarch64.whl", hash = "sha256:581a40c7b94921fffd6457ffe532259813fc68eb2bdda60fa8cc343414ce3733"},
    {file = "coverage-7.8.0-cp313-cp313-musllinux_1_2_i686.whl", hash = "sha256:f319bae0321bc838e205bf9e5bc28f0a3165f30c203b610f17ab5552cff90323"},
    {file = "coverage-7.8.0-cp313-cp313-musllinux_1_2_x86_64.whl", hash = "sha256:04bfec25a8ef1c5f41f5e7e5c842f6b615599ca8ba8391ec33a9290d9d2db3a3"},
    {file = "coverage-7.8.0-cp313-cp313-win32.whl", hash = "sha256:dd19608788b50eed889e13a5d71d832edc34fc9dfce606f66e8f9f917eef910d"},
    {file = "coverage-7.8.0-cp313-cp313-win_amd64.whl", hash = "sha256:a9abbccd778d98e9c7e85038e35e91e67f5b520776781d9a1e2ee9d400869487"},
    {file = "coverage-7.8.0-cp313-cp313t-macosx_10_13_x86_64.whl", hash = "sha256:18c5ae6d061ad5b3e7eef4363fb27a0576012a7447af48be6c75b88494c6cf25"},
    {file = "coverage-7.8.0-cp313-cp313t-macosx_11_0_arm64.whl", hash = "sha256:95aa6ae391a22bbbce1b77ddac846c98c5473de0372ba5c463480043a07bff42"},
    {file = "coverage-7.8.0-cp313-cp313t-manylinux_2_17_aarch64.manylinux2014_aarch64.whl", hash = "sha256:e013b07ba1c748dacc2a80e69a46286ff145935f260eb8c72df7185bf048f502"},
    {file = "coverage-7.8.0-cp313-cp313t-manylinux_2_5_i686.manylinux1_i686.manylinux_2_17_i686.manylinux2014_i686.whl", hash = "sha256:d766a4f0e5aa1ba056ec3496243150698dc0481902e2b8559314368717be82b1"},
    {file = "coverage-7.8.0-cp313-cp313t-manylinux_2_5_x86_64.manylinux1_x86_64.manylinux_2_17_x86_64.manylinux2014_x86_64.whl", hash = "sha256:ad80e6b4a0c3cb6f10f29ae4c60e991f424e6b14219d46f1e7d442b938ee68a4"},
    {file = "coverage-7.8.0-cp313-cp313t-musllinux_1_2_aarch64.whl", hash = "sha256:b87eb6fc9e1bb8f98892a2458781348fa37e6925f35bb6ceb9d4afd54ba36c73"},
    {file = "coverage-7.8.0-cp313-cp313t-musllinux_1_2_i686.whl", hash = "sha256:d1ba00ae33be84066cfbe7361d4e04dec78445b2b88bdb734d0d1cbab916025a"},
    {file = "coverage-7.8.0-cp313-cp313t-musllinux_1_2_x86_64.whl", hash = "sha256:f3c38e4e5ccbdc9198aecc766cedbb134b2d89bf64533973678dfcf07effd883"},
    {file = "coverage-7.8.0-cp313-cp313t-win32.whl", hash = "sha256:379fe315e206b14e21db5240f89dc0774bdd3e25c3c58c2c733c99eca96f1ada"},
    {file = "coverage-7.8.0-cp313-cp313t-win_amd64.whl", hash = "sha256:2e4b6b87bb0c846a9315e3ab4be2d52fac905100565f4b92f02c445c8799e257"},
    {file = "coverage-7.8.0-cp39-cp39-macosx_10_9_x86_64.whl", hash = "sha256:fa260de59dfb143af06dcf30c2be0b200bed2a73737a8a59248fcb9fa601ef0f"},
    {file = "coverage-7.8.0-cp39-cp39-macosx_11_0_arm64.whl", hash = "sha256:96121edfa4c2dfdda409877ea8608dd01de816a4dc4a0523356067b305e4e17a"},
    {file = "coverage-7.8.0-cp39-cp39-manylinux_2_17_aarch64.manylinux2014_aarch64.whl", hash = "sha256:6b8af63b9afa1031c0ef05b217faa598f3069148eeee6bb24b79da9012423b82"},
    {file = "coverage-7.8.0-cp39-cp39-manylinux_2_5_i686.manylinux1_i686.manylinux_2_17_i686.manylinux2014_i686.whl", hash = "sha256:89b1f4af0d4afe495cd4787a68e00f30f1d15939f550e869de90a86efa7e0814"},
    {file = "coverage-7.8.0-cp39-cp39-manylinux_2_5_x86_64.manylinux1_x86_64.manylinux_2_17_x86_64.manylinux2014_x86_64.whl", hash = "sha256:94ec0be97723ae72d63d3aa41961a0b9a6f5a53ff599813c324548d18e3b9e8c"},
    {file = "coverage-7.8.0-cp39-cp39-musllinux_1_2_aarch64.whl", hash = "sha256:8a1d96e780bdb2d0cbb297325711701f7c0b6f89199a57f2049e90064c29f6bd"},
    {file = "coverage-7.8.0-cp39-cp39-musllinux_1_2_i686.whl", hash = "sha256:f1d8a2a57b47142b10374902777e798784abf400a004b14f1b0b9eaf1e528ba4"},
    {file = "coverage-7.8.0-cp39-cp39-musllinux_1_2_x86_64.whl", hash = "sha256:cf60dd2696b457b710dd40bf17ad269d5f5457b96442f7f85722bdb16fa6c899"},
    {file = "coverage-7.8.0-cp39-cp39-win32.whl", hash = "sha256:be945402e03de47ba1872cd5236395e0f4ad635526185a930735f66710e1bd3f"},
    {file = "coverage-7.8.0-cp39-cp39-win_amd64.whl", hash = "sha256:90e7fbc6216ecaffa5a880cdc9c77b7418c1dcb166166b78dbc630d07f278cc3"},
    {file = "coverage-7.8.0-pp39.pp310.pp311-none-any.whl", hash = "sha256:b8194fb8e50d556d5849753de991d390c5a1edeeba50f68e3a9253fbd8bf8ccd"},
    {file = "coverage-7.8.0-py3-none-any.whl", hash = "sha256:dbf364b4c5e7bae9250528167dfe40219b62e2d573c854d74be213e1e52069f7"},
    {file = "coverage-7.8.0.tar.gz", hash = "sha256:7a3d62b3b03b4b6fd41a085f3574874cf946cb4604d2b4d3e8dca8cd570ca501"},
]

[package.extras]
toml = ["tomli ; python_full_version <= \"3.11.0a6\""]

[[package]]
name = "more-itertools"
version = "10.7.0"
description = "More routines for operating on iterables, beyond itertools"
optional = false
python-versions = ">=3.9"
groups = ["dev"]
files = [
    {file = "more_itertools-10.7.0-py3-none-any.whl", hash = "sha256:d43980384673cb07d2f7d2d918c616b30c659c089ee23953f601d6609c67510e"},
    {file = "more_itertools-10.7.0.tar.gz", hash = "sha256:9fddd5403be01a94b204faadcff459ec3568cf110265d3c54323e1e866ad29d3"},
]

[[package]]
name = "mypy-extensions"
version = "1.1.0"
description = "Type system extensions for programs checked with the mypy type checker."
optional = false
python-versions = ">=3.8"
groups = ["dev"]
files = [
    {file = "mypy_extensions-1.1.0-py3-none-any.whl", hash = "sha256:1be4cccdb0f2482337c4743e60421de3a356cd97508abadd57d47403e94f5505"},
    {file = "mypy_extensions-1.1.0.tar.gz", hash = "sha256:52e68efc3284861e772bbcd66823fde5ae21fd2fdb51c62a211403730b916558"},
]

[[package]]
name = "packaging"
version = "25.0"
description = "Core utilities for Python packages"
optional = false
python-versions = ">=3.8"
groups = ["dev"]
files = [
    {file = "packaging-25.0-py3-none-any.whl", hash = "sha256:29572ef2b1f17581046b3a2227d5c611fb25ec70ca1ba8554b24b0e69331a484"},
    {file = "packaging-25.0.tar.gz", hash = "sha256:d443872c98d677bf60f6a1f2f8c1cb748e8fe762d2bf9d3148b5599295b0fc4f"},
]

[[package]]
name = "pathspec"
version = "0.12.1"
description = "Utility library for gitignore style pattern matching of file paths."
optional = false
python-versions = ">=3.8"
groups = ["dev"]
files = [
    {file = "pathspec-0.12.1-py3-none-any.whl", hash = "sha256:a0d503e138a4c123b27490a4f7beda6a01c6f288df0e4a8b79c7eb0dc7b4cc08"},
    {file = "pathspec-0.12.1.tar.gz", hash = "sha256:a482d51503a1ab33b1c67a6c3813a26953dbdc71c31dacaef9a838c4e29f5712"},
]

[[package]]
name = "platformdirs"
version = "4.3.7"
description = "A small Python package for determining appropriate platform-specific dirs, e.g. a `user data dir`."
optional = false
python-versions = ">=3.9"
groups = ["dev"]
files = [
    {file = "platformdirs-4.3.7-py3-none-any.whl", hash = "sha256:a03875334331946f13c549dbd8f4bac7a13a50a895a0eb1e8c6a8ace80d40a94"},
    {file = "platformdirs-4.3.7.tar.gz", hash = "sha256:eb437d586b6a0986388f0d6f74aa0cde27b48d0e3d66843640bfb6bdcdb6e351"},
]

[package.extras]
docs = ["furo (>=2024.8.6)", "proselint (>=0.14)", "sphinx (>=8.1.3)", "sphinx-autodoc-typehints (>=3)"]
test = ["appdirs (==1.4.4)", "covdefaults (>=2.3)", "pytest (>=8.3.4)", "pytest-cov (>=6)", "pytest-mock (>=3.14)"]
type = ["mypy (>=1.14.1)"]

[[package]]
name = "pluggy"
version = "0.13.1"
description = "plugin and hook calling mechanisms for python"
optional = false
python-versions = ">=2.7, !=3.0.*, !=3.1.*, !=3.2.*, !=3.3.*"
groups = ["dev"]
files = [
    {file = "pluggy-0.13.1-py2.py3-none-any.whl", hash = "sha256:966c145cd83c96502c3c3868f50408687b38434af77734af1e9ca461a4081d2d"},
    {file = "pluggy-0.13.1.tar.gz", hash = "sha256:15b2acde666561e1298d71b523007ed7364de07029219b604cf808bfa1c765b0"},
]

[package.extras]
dev = ["pre-commit", "tox"]

[[package]]
name = "py"
version = "1.10.0"
description = "library with cross-python path, ini-parsing, io, code, log facilities"
optional = false
python-versions = ">=2.7, !=3.0.*, !=3.1.*, !=3.2.*, !=3.3.*"
groups = ["dev"]
files = [
    {file = "py-1.10.0-py2.py3-none-any.whl", hash = "sha256:3b80836aa6d1feeaa108e046da6423ab8f6ceda6468545ae8d02d9d58d18818a"},
    {file = "py-1.10.0.tar.gz", hash = "sha256:21b81bda15b66ef5e1a777a21c4dcd9c20ad3efd0b3f817e7a809035269e1bd3"},
]

[[package]]
name = "pyperclip"
version = "1.5.27"
description = "A cross-platform clipboard module for Python. (only handles plain text for now)"
optional = false
python-versions = "*"
groups = ["dev"]
files = [
    {file = "pyperclip-1.5.27.zip", hash = "sha256:a3cb6df5d8f1557ca8fc514d94fabf50dc5a97042c90e5ba4f3611864fed3fc5"},
]

[[package]]
name = "pytest"
version = "5.3.5"
description = "pytest: simple powerful testing with Python"
optional = false
python-versions = ">=3.5"
groups = ["dev"]
files = [
    {file = "pytest-5.3.5-py3-none-any.whl", hash = "sha256:ff615c761e25eb25df19edddc0b970302d2a9091fbce0e7213298d85fb61fef6"},
    {file = "pytest-5.3.5.tar.gz", hash = "sha256:0d5fe9189a148acc3c3eb2ac8e1ac0742cb7618c084f3d228baaec0c254b318d"},
]

[package.dependencies]
atomicwrites = {version = ">=1.0", markers = "sys_platform == \"win32\""}
attrs = ">=17.4.0"
colorama = {version = "*", markers = "sys_platform == \"win32\""}
more-itertools = ">=4.0.0"
packaging = "*"
pluggy = ">=0.12,<1.0"
py = ">=1.5.0"
wcwidth = "*"

[package.extras]
checkqa-mypy = ["mypy (==v0.761)"]
testing = ["argcomplete", "hypothesis (>=3.56)", "mock", "nose", "requests", "xmlschema"]

[[package]]
name = "pytest-approvaltests"
version = "0.1.0"
description = "A plugin to use approvaltests with pytest"
optional = false
python-versions = ">=2.7, !=3.0.*, !=3.1.*, !=3.2.*, !=3.3.*"
groups = ["dev"]
files = [
    {file = "pytest-approvaltests-0.1.0.tar.gz", hash = "sha256:2e3dabe69450dad5806b92c24d2502497941f28421dd538631212ca8c2e04bba"},
    {file = "pytest_approvaltests-0.1.0-py3-none-any.whl", hash = "sha256:271c0e968c7078e043f9d7528aa0ea4e82667cb81e1db77796e1bc6793fd8199"},
]

[package.dependencies]
approvaltests = "*"
pytest = ">=3.5.0"

[[package]]
name = "pytest-cov"
version = "2.8.1"
description = "Pytest plugin for measuring coverage."
optional = false
python-versions = ">=2.7, !=3.0.*, !=3.1.*, !=3.2.*, !=3.3.*"
groups = ["dev"]
files = [
    {file = "pytest-cov-2.8.1.tar.gz", hash = "sha256:cc6742d8bac45070217169f5f72ceee1e0e55b0221f54bcf24845972d3a47f2b"},
    {file = "pytest_cov-2.8.1-py2.py3-none-any.whl", hash = "sha256:cdbdef4f870408ebdbfeb44e63e07eb18bb4619fae852f6e760645fa36172626"},
]

[package.dependencies]
coverage = ">=4.4"
pytest = ">=3.6"

[package.extras]
testing = ["fields", "hunter", "process-tests (==2.0.2)", "six", "virtualenv"]

[[package]]
name = "wcwidth"
version = "0.2.13"
description = "Measures the displayed width of unicode strings in a terminal"
optional = false
python-versions = "*"
groups = ["dev"]
files = [
    {file = "wcwidth-0.2.13-py2.py3-none-any.whl", hash = "sha256:3da69048e4540d84af32131829ff948f1e022c1c6bdb8d6102117aac784f6859"},
    {file = "wcwidth-0.2.13.tar.gz", hash = "sha256:72ea0c06399eb286d978fdedb6923a9eb47e1c486ce63e9b4e64fc18303972b5"},
]

[metadata]
lock-version = "2.1"
python-versions = ">=3.11"
content-hash = "04d6b8c4534da5b61c60939c31d51014b5f77ac8a541f9d3c82b95263ab487e8"
